
Microsoft Visual Studio Solution File, Format Version 12.00
# Visual Studio Version 17
VisualStudioVersion = 17.0.31903.59
MinimumVisualStudioVersion = 10.0.40219.1
Project("{FAE04EC0-301F-11D3-BF4B-00C04F79EFBC}") = "csharp-ef-workshop.api", "csharp-ef-workshop.api\csharp-ef-workshop.api.csproj", "{1FFAD1D6-CDAE-4335-901E-4FC2BCC3846C}"
EndProject
Global
	GlobalSection(SolutionConfigurationPlatforms) = preSolution
		Debug|Any CPU = Debug|Any CPU
		Release|Any CPU = Release|Any CPU
	EndGlobalSection
	GlobalSection(ProjectConfigurationPlatforms) = postSolution
		{1FFAD1D6-CDAE-4335-901E-4FC2BCC3846C}.Debug|Any CPU.ActiveCfg = Debug|Any CPU
		{1FFAD1D6-CDAE-4335-901E-4FC2BCC3846C}.Debug|Any CPU.Build.0 = Debug|Any CPU
		{1FFAD1D6-CDAE-4335-901E-4FC2BCC3846C}.Release|Any CPU.ActiveCfg = Release|Any CPU
		{1FFAD1D6-CDAE-4335-901E-4FC2BCC3846C}.Release|Any CPU.Build.0 = Release|Any CPU
	EndGlobalSection
	GlobalSection(SolutionProperties) = preSolution
		HideSolutionNode = FALSE
	EndGlobalSection
	GlobalSection(ExtensibilityGlobals) = postSolution
		SolutionGuid = {F4A30454-28B8-43DC-826D-C5231BED6DD1}
	EndGlobalSection
EndGlobal
